
Microsoft Visual Studio Solution File, Format Version 12.00
# Visual Studio Version 16
VisualStudioVersion = 16.0.32126.315
MinimumVisualStudioVersion = 10.0.40219.1
Project("{9A19103F-16F7-4668-BE54-9A1E7A4F7556}") = "SuperExampleGame.Application", "SuperExampleGame.Application\SuperExampleGame.Application.csproj", "{12AA9B42-2B6A-4780-B713-BDFA7909FEC9}"
EndProject
Project("{9A19103F-16F7-4668-BE54-9A1E7A4F7556}") = "SuperExampleGame.Domain", "SuperExampleGame.Domain\SuperExampleGame.Domain.csproj", "{EFD82344-E97B-441E-B1A7-10436CDAB993}"
EndProject
Project("{9A19103F-16F7-4668-BE54-9A1E7A4F7556}") = "SuperExampleGame.Infrastructure", "SuperExampleGame.Infrastructure\SuperExampleGame.Infrastructure.csproj", "{A7A5E51F-1E7A-49CB-A180-44DB355F37B1}"
EndProject
Project("{FAE04EC0-301F-11D3-BF4B-00C04F79EFBC}") = "SuperExampleGame.Api", "WebApplication1\SuperExampleGame.Api.csproj", "{47B1EB4A-145D-4774-A016-8093DB269508}"
EndProject
Global
	GlobalSection(SolutionConfigurationPlatforms) = preSolution
		Debug|Any CPU = Debug|Any CPU
		Release|Any CPU = Release|Any CPU
	EndGlobalSection
	GlobalSection(ProjectConfigurationPlatforms) = postSolution
		{12AA9B42-2B6A-4780-B713-BDFA7909FEC9}.Debug|Any CPU.ActiveCfg = Debug|Any CPU
		{12AA9B42-2B6A-4780-B713-BDFA7909FEC9}.Debug|Any CPU.Build.0 = Debug|Any CPU
		{12AA9B42-2B6A-4780-B713-BDFA7909FEC9}.Release|Any CPU.ActiveCfg = Release|Any CPU
		{12AA9B42-2B6A-4780-B713-BDFA7909FEC9}.Release|Any CPU.Build.0 = Release|Any CPU
		{EFD82344-E97B-441E-B1A7-10436CDAB993}.Debug|Any CPU.ActiveCfg = Debug|Any CPU
		{EFD82344-E97B-441E-B1A7-10436CDAB993}.Debug|Any CPU.Build.0 = Debug|Any CPU
		{EFD82344-E97B-441E-B1A7-10436CDAB993}.Release|Any CPU.ActiveCfg = Release|Any CPU
		{EFD82344-E97B-441E-B1A7-10436CDAB993}.Release|Any CPU.Build.0 = Release|Any CPU
		{A7A5E51F-1E7A-49CB-A180-44DB355F37B1}.Debug|Any CPU.ActiveCfg = Debug|Any CPU
		{A7A5E51F-1E7A-49CB-A180-44DB355F37B1}.Debug|Any CPU.Build.0 = Debug|Any CPU
		{A7A5E51F-1E7A-49CB-A180-44DB355F37B1}.Release|Any CPU.ActiveCfg = Release|Any CPU
		{A7A5E51F-1E7A-49CB-A180-44DB355F37B1}.Release|Any CPU.Build.0 = Release|Any CPU
		{47B1EB4A-145D-4774-A016-8093DB269508}.Debug|Any CPU.ActiveCfg = Debug|Any CPU
		{47B1EB4A-145D-4774-A016-8093DB269508}.Debug|Any CPU.Build.0 = Debug|Any CPU
		{47B1EB4A-145D-4774-A016-8093DB269508}.Release|Any CPU.ActiveCfg = Release|Any CPU
		{47B1EB4A-145D-4774-A016-8093DB269508}.Release|Any CPU.Build.0 = Release|Any CPU
	EndGlobalSection
	GlobalSection(SolutionProperties) = preSolution
		HideSolutionNode = FALSE
	EndGlobalSection
	GlobalSection(ExtensibilityGlobals) = postSolution
		SolutionGuid = {7454B80F-F329-4796-935F-39EB741C1D3A}
	EndGlobalSection
EndGlobal
